
Microsoft Visual Studio Solution File, Format Version 12.00
# Visual Studio Version 16
VisualStudioVersion = 16.0.29920.165
MinimumVisualStudioVersion = 10.0.40219.1
Project("{9A19103F-16F7-4668-BE54-9A1E7A4F7556}") = "Penguin.Json", "Penguin.Json.csproj", "{12A4B352-8C5C-44D5-AD9B-4C395752F8EC}"
EndProject
Global
	GlobalSection(SolutionConfigurationPlatforms) = preSolution
		Debug|Any CPU = Debug|Any CPU
		Release|Any CPU = Release|Any CPU
	EndGlobalSection
	GlobalSection(ProjectConfigurationPlatforms) = postSolution
		{12A4B352-8C5C-44D5-AD9B-4C395752F8EC}.Debug|Any CPU.ActiveCfg = Debug|Any CPU
		{12A4B352-8C5C-44D5-AD9B-4C395752F8EC}.Debug|Any CPU.Build.0 = Debug|Any CPU
		{12A4B352-8C5C-44D5-AD9B-4C395752F8EC}.Release|Any CPU.ActiveCfg = Release|Any CPU
		{12A4B352-8C5C-44D5-AD9B-4C395752F8EC}.Release|Any CPU.Build.0 = Release|Any CPU
	EndGlobalSection
	GlobalSection(SolutionProperties) = preSolution
		HideSolutionNode = FALSE
	EndGlobalSection
	GlobalSection(ExtensibilityGlobals) = postSolution
		SolutionGuid = {C4A9BCE2-07A0-451B-A636-5915CD778CB2}
	EndGlobalSection
EndGlobal
